
Microsoft Visual Studio Solution File, Format Version 12.00
# Visual Studio Version 17
VisualStudioVersion = 17.10.35027.167
MinimumVisualStudioVersion = 10.0.40219.1
Project("{9A19103F-16F7-4668-BE54-9A1E7A4F7556}") = "QuizGenerator.View", "QuizGenerator.View\QuizGenerator.View.csproj", "{CCC8C18E-6402-40FA-A6B8-F0B42386A678}"
EndProject
Project("{9A19103F-16F7-4668-BE54-9A1E7A4F7556}") = "QuizGenerator.ViewModel", "QuizGenerator.ViewModel\QuizGenerator.ViewModel.csproj", "{0483C526-DCD3-44FA-9998-3073A1B63DE4}"
EndProject
Project("{FAE04EC0-301F-11D3-BF4B-00C04F79EFBC}") = "QuizGenerator.Model", "QuizGenerator.Model\QuizGenerator.Model.csproj", "{E9E14480-DB7E-43C3-BC42-723D5CE407A6}"
EndProject
Global
	GlobalSection(SolutionConfigurationPlatforms) = preSolution
		Debug|Any CPU = Debug|Any CPU
		Release|Any CPU = Release|Any CPU
	EndGlobalSection
	GlobalSection(ProjectConfigurationPlatforms) = postSolution
		{CCC8C18E-6402-40FA-A6B8-F0B42386A678}.Debug|Any CPU.ActiveCfg = Debug|Any CPU
		{CCC8C18E-6402-40FA-A6B8-F0B42386A678}.Debug|Any CPU.Build.0 = Debug|Any CPU
		{CCC8C18E-6402-40FA-A6B8-F0B42386A678}.Release|Any CPU.ActiveCfg = Release|Any CPU
		{CCC8C18E-6402-40FA-A6B8-F0B42386A678}.Release|Any CPU.Build.0 = Release|Any CPU
		{0483C526-DCD3-44FA-9998-3073A1B63DE4}.Debug|Any CPU.ActiveCfg = Debug|Any CPU
		{0483C526-DCD3-44FA-9998-3073A1B63DE4}.Debug|Any CPU.Build.0 = Debug|Any CPU
		{0483C526-DCD3-44FA-9998-3073A1B63DE4}.Release|Any CPU.ActiveCfg = Release|Any CPU
		{0483C526-DCD3-44FA-9998-3073A1B63DE4}.Release|Any CPU.Build.0 = Release|Any CPU
		{E9E14480-DB7E-43C3-BC42-723D5CE407A6}.Debug|Any CPU.ActiveCfg = Debug|Any CPU
		{E9E14480-DB7E-43C3-BC42-723D5CE407A6}.Debug|Any CPU.Build.0 = Debug|Any CPU
		{E9E14480-DB7E-43C3-BC42-723D5CE407A6}.Release|Any CPU.ActiveCfg = Release|Any CPU
		{E9E14480-DB7E-43C3-BC42-723D5CE407A6}.Release|Any CPU.Build.0 = Release|Any CPU
	EndGlobalSection
	GlobalSection(SolutionProperties) = preSolution
		HideSolutionNode = FALSE
	EndGlobalSection
	GlobalSection(ExtensibilityGlobals) = postSolution
		SolutionGuid = {1BDBCA7D-D755-4860-AC6C-911E212C5CA7}
	EndGlobalSection
EndGlobal
